
Microsoft Visual Studio Solution File, Format Version 12.00
# Visual Studio Version 17
VisualStudioVersion = 17.7.34031.279
MinimumVisualStudioVersion = 10.0.40219.1
Project("{FAE04EC0-301F-11D3-BF4B-00C04F79EFBC}") = "Classes1", "Classes1\Classes1.csproj", "{78AD04A3-6744-42C1-8577-70723E72E5B5}"
EndProject
Project("{FAE04EC0-301F-11D3-BF4B-00C04F79EFBC}") = "Classes2", "Classes2\Classes2.csproj", "{DEC046BA-A888-4732-9C03-4BB6C0B6D463}"
EndProject
Project("{FAE04EC0-301F-11D3-BF4B-00C04F79EFBC}") = "Classes3", "Classes3\Classes3.csproj", "{7748E3A2-4172-4943-9C71-479E4FD2545E}"
EndProject
Global
	GlobalSection(SolutionConfigurationPlatforms) = preSolution
		Debug|Any CPU = Debug|Any CPU
		Release|Any CPU = Release|Any CPU
	EndGlobalSection
	GlobalSection(ProjectConfigurationPlatforms) = postSolution
		{78AD04A3-6744-42C1-8577-70723E72E5B5}.Debug|Any CPU.ActiveCfg = Debug|Any CPU
		{78AD04A3-6744-42C1-8577-70723E72E5B5}.Debug|Any CPU.Build.0 = Debug|Any CPU
		{78AD04A3-6744-42C1-8577-70723E72E5B5}.Release|Any CPU.ActiveCfg = Release|Any CPU
		{78AD04A3-6744-42C1-8577-70723E72E5B5}.Release|Any CPU.Build.0 = Release|Any CPU
		{DEC046BA-A888-4732-9C03-4BB6C0B6D463}.Debug|Any CPU.ActiveCfg = Debug|Any CPU
		{DEC046BA-A888-4732-9C03-4BB6C0B6D463}.Debug|Any CPU.Build.0 = Debug|Any CPU
		{DEC046BA-A888-4732-9C03-4BB6C0B6D463}.Release|Any CPU.ActiveCfg = Release|Any CPU
		{DEC046BA-A888-4732-9C03-4BB6C0B6D463}.Release|Any CPU.Build.0 = Release|Any CPU
		{7748E3A2-4172-4943-9C71-479E4FD2545E}.Debug|Any CPU.ActiveCfg = Debug|Any CPU
		{7748E3A2-4172-4943-9C71-479E4FD2545E}.Debug|Any CPU.Build.0 = Debug|Any CPU
		{7748E3A2-4172-4943-9C71-479E4FD2545E}.Release|Any CPU.ActiveCfg = Release|Any CPU
		{7748E3A2-4172-4943-9C71-479E4FD2545E}.Release|Any CPU.Build.0 = Release|Any CPU
	EndGlobalSection
	GlobalSection(SolutionProperties) = preSolution
		HideSolutionNode = FALSE
	EndGlobalSection
	GlobalSection(ExtensibilityGlobals) = postSolution
		SolutionGuid = {9B23C910-EE05-4390-9800-5D94B15E2F34}
	EndGlobalSection
EndGlobal
